
Microsoft Visual Studio Solution File, Format Version 12.00
# Visual Studio 14
VisualStudioVersion = 14.0.25420.1
MinimumVisualStudioVersion = 10.0.40219.1
Project("{8BB2217D-0F2D-49D1-97BC-3654ED321F3B}") = "GdShows", "Web\GdShows.xproj", "{42A0E99E-790F-4E34-BE7B-8C903A234668}"
EndProject
Project("{2150E333-8FDC-42A3-9474-1A3956D46DE8}") = "Web", "Web", "{73E49854-22FC-4BEB-BA90-189903C6BC8E}"
EndProject
Project("{2150E333-8FDC-42A3-9474-1A3956D46DE8}") = "Database", "Database", "{D9F7367D-638A-4BE5-A683-D3B0A7CD7A53}"
EndProject
Project("{2150E333-8FDC-42A3-9474-1A3956D46DE8}") = "Shared", "Shared", "{87D0734A-A975-48AA-B25C-8CEAD3E65F46}"
EndProject
Project("{00D1A9C2-B5F0-4AF3-8072-F6C62B433612}") = "GdShowsDb", "GdShowsDb\GdShowsDb.sqlproj", "{B6DBD32E-48B2-4BC6-8F9F-FBA5D516A442}"
EndProject
Project("{FAE04EC0-301F-11D3-BF4B-00C04F79EFBC}") = "Data", "Data\Data.csproj", "{54AE1CD9-942F-4527-9201-CE0431CAE325}"
EndProject
Project("{FAE04EC0-301F-11D3-BF4B-00C04F79EFBC}") = "Models", "Models\Models.csproj", "{F8CB8EDB-9B80-4F4B-89BC-14AF372A3C0C}"
EndProject
Project("{FAE04EC0-301F-11D3-BF4B-00C04F79EFBC}") = "Common", "Common\Common.csproj", "{63F96E65-D38F-4F3C-AAAA-373634705B9A}"
EndProject
Project("{FAE04EC0-301F-11D3-BF4B-00C04F79EFBC}") = "Core", "Core\Core.csproj", "{2E738FC0-E208-429F-BAFD-12961C2E2F93}"
EndProject
Global
	GlobalSection(SolutionConfigurationPlatforms) = preSolution
		Debug|Any CPU = Debug|Any CPU
		Release|Any CPU = Release|Any CPU
	EndGlobalSection
	GlobalSection(ProjectConfigurationPlatforms) = postSolution
		{42A0E99E-790F-4E34-BE7B-8C903A234668}.Debug|Any CPU.ActiveCfg = Debug|Any CPU
		{42A0E99E-790F-4E34-BE7B-8C903A234668}.Debug|Any CPU.Build.0 = Debug|Any CPU
		{42A0E99E-790F-4E34-BE7B-8C903A234668}.Release|Any CPU.ActiveCfg = Release|Any CPU
		{42A0E99E-790F-4E34-BE7B-8C903A234668}.Release|Any CPU.Build.0 = Release|Any CPU
		{B6DBD32E-48B2-4BC6-8F9F-FBA5D516A442}.Debug|Any CPU.ActiveCfg = Debug|Any CPU
		{B6DBD32E-48B2-4BC6-8F9F-FBA5D516A442}.Debug|Any CPU.Build.0 = Debug|Any CPU
		{B6DBD32E-48B2-4BC6-8F9F-FBA5D516A442}.Debug|Any CPU.Deploy.0 = Debug|Any CPU
		{B6DBD32E-48B2-4BC6-8F9F-FBA5D516A442}.Release|Any CPU.ActiveCfg = Release|Any CPU
		{B6DBD32E-48B2-4BC6-8F9F-FBA5D516A442}.Release|Any CPU.Build.0 = Release|Any CPU
		{B6DBD32E-48B2-4BC6-8F9F-FBA5D516A442}.Release|Any CPU.Deploy.0 = Release|Any CPU
		{54AE1CD9-942F-4527-9201-CE0431CAE325}.Debug|Any CPU.ActiveCfg = Debug|Any CPU
		{54AE1CD9-942F-4527-9201-CE0431CAE325}.Debug|Any CPU.Build.0 = Debug|Any CPU
		{54AE1CD9-942F-4527-9201-CE0431CAE325}.Release|Any CPU.ActiveCfg = Release|Any CPU
		{54AE1CD9-942F-4527-9201-CE0431CAE325}.Release|Any CPU.Build.0 = Release|Any CPU
		{F8CB8EDB-9B80-4F4B-89BC-14AF372A3C0C}.Debug|Any CPU.ActiveCfg = Debug|Any CPU
		{F8CB8EDB-9B80-4F4B-89BC-14AF372A3C0C}.Debug|Any CPU.Build.0 = Debug|Any CPU
		{F8CB8EDB-9B80-4F4B-89BC-14AF372A3C0C}.Release|Any CPU.ActiveCfg = Release|Any CPU
		{F8CB8EDB-9B80-4F4B-89BC-14AF372A3C0C}.Release|Any CPU.Build.0 = Release|Any CPU
		{63F96E65-D38F-4F3C-AAAA-373634705B9A}.Debug|Any CPU.ActiveCfg = Debug|Any CPU
		{63F96E65-D38F-4F3C-AAAA-373634705B9A}.Debug|Any CPU.Build.0 = Debug|Any CPU
		{63F96E65-D38F-4F3C-AAAA-373634705B9A}.Release|Any CPU.ActiveCfg = Release|Any CPU
		{63F96E65-D38F-4F3C-AAAA-373634705B9A}.Release|Any CPU.Build.0 = Release|Any CPU
		{2E738FC0-E208-429F-BAFD-12961C2E2F93}.Debug|Any CPU.ActiveCfg = Debug|Any CPU
		{2E738FC0-E208-429F-BAFD-12961C2E2F93}.Debug|Any CPU.Build.0 = Debug|Any CPU
		{2E738FC0-E208-429F-BAFD-12961C2E2F93}.Release|Any CPU.ActiveCfg = Release|Any CPU
		{2E738FC0-E208-429F-BAFD-12961C2E2F93}.Release|Any CPU.Build.0 = Release|Any CPU
	EndGlobalSection
	GlobalSection(SolutionProperties) = preSolution
		HideSolutionNode = FALSE
	EndGlobalSection
	GlobalSection(NestedProjects) = preSolution
		{42A0E99E-790F-4E34-BE7B-8C903A234668} = {73E49854-22FC-4BEB-BA90-189903C6BC8E}
		{B6DBD32E-48B2-4BC6-8F9F-FBA5D516A442} = {D9F7367D-638A-4BE5-A683-D3B0A7CD7A53}
		{54AE1CD9-942F-4527-9201-CE0431CAE325} = {87D0734A-A975-48AA-B25C-8CEAD3E65F46}
		{F8CB8EDB-9B80-4F4B-89BC-14AF372A3C0C} = {87D0734A-A975-48AA-B25C-8CEAD3E65F46}
		{63F96E65-D38F-4F3C-AAAA-373634705B9A} = {87D0734A-A975-48AA-B25C-8CEAD3E65F46}
		{2E738FC0-E208-429F-BAFD-12961C2E2F93} = {87D0734A-A975-48AA-B25C-8CEAD3E65F46}
	EndGlobalSection
EndGlobal
